
Microsoft Visual Studio Solution File, Format Version 12.00
# Visual Studio Version 16
VisualStudioVersion = 16.0.30021.99
MinimumVisualStudioVersion = 10.0.40219.1
Project("{FAE04EC0-301F-11D3-BF4B-00C04F79EFBC}") = "lab3", "lab3\lab3.csproj", "{18F96992-69D0-4CC2-8864-328CB5851F3C}"
EndProject
Global
	GlobalSection(SolutionConfigurationPlatforms) = preSolution
		Debug|Any CPU = Debug|Any CPU
		Release|Any CPU = Release|Any CPU
	EndGlobalSection
	GlobalSection(ProjectConfigurationPlatforms) = postSolution
		{18F96992-69D0-4CC2-8864-328CB5851F3C}.Debug|Any CPU.ActiveCfg = Debug|Any CPU
		{18F96992-69D0-4CC2-8864-328CB5851F3C}.Debug|Any CPU.Build.0 = Debug|Any CPU
		{18F96992-69D0-4CC2-8864-328CB5851F3C}.Release|Any CPU.ActiveCfg = Release|Any CPU
		{18F96992-69D0-4CC2-8864-328CB5851F3C}.Release|Any CPU.Build.0 = Release|Any CPU
	EndGlobalSection
	GlobalSection(SolutionProperties) = preSolution
		HideSolutionNode = FALSE
	EndGlobalSection
	GlobalSection(ExtensibilityGlobals) = postSolution
		SolutionGuid = {F42870DB-EC38-4306-B776-67C1F4DD6F86}
	EndGlobalSection
EndGlobal
